
Microsoft Visual Studio Solution File, Format Version 12.00
# Visual Studio Version 17
VisualStudioVersion = 17.11.35312.102
MinimumVisualStudioVersion = 10.0.40219.1
Project("{2150E333-8FDC-42A3-9474-1A3956D46DE8}") = "Api", "Api", "{E6777EBC-CC5F-4966-B89D-B2522BFBC8A4}"
EndProject
Project("{9A19103F-16F7-4668-BE54-9A1E7A4F7556}") = "FleetManager.API", "FleetManager.API\FleetManager.API.csproj", "{96274241-CA87-400E-A2F6-DA2640F260CF}"
EndProject
Project("{2150E333-8FDC-42A3-9474-1A3956D46DE8}") = "Domain", "Domain", "{56943DB7-8214-4835-9BFA-34DE085DE038}"
EndProject
Project("{9A19103F-16F7-4668-BE54-9A1E7A4F7556}") = "FleetManager.Domain", "FleetManager.Domain\FleetManager.Domain.csproj", "{A6329880-1928-4A49-B9AA-32A4237C97BA}"
EndProject
Project("{2150E333-8FDC-42A3-9474-1A3956D46DE8}") = "Infrastructure", "Infrastructure", "{C213D125-5FE4-4B18-8CF7-350BF779EEAD}"
EndProject
Project("{9A19103F-16F7-4668-BE54-9A1E7A4F7556}") = "FleetManager.Infrastructure", "FleetManager.Infrastructure\FleetManager.Infrastructure.csproj", "{A14EA3D1-AE7F-4AD3-8DE6-A7F61CA1EFB3}"
EndProject
Project("{2150E333-8FDC-42A3-9474-1A3956D46DE8}") = "Application", "Application", "{AFA17216-B67E-4F85-97EF-451B8EFD247F}"
EndProject
Project("{9A19103F-16F7-4668-BE54-9A1E7A4F7556}") = "FleetManager.Application", "FleetManager.Application\FleetManager.Application.csproj", "{A108D414-C373-4B1D-AE86-93D353F0F94D}"
EndProject
Project("{2150E333-8FDC-42A3-9474-1A3956D46DE8}") = "Tests", "Tests", "{A37233C1-8FBF-42D5-8BF3-C202704B080F}"
EndProject
Project("{E53339B2-1760-4266-BCC7-CA923CBCF16C}") = "docker-compose", "docker-compose.dcproj", "{8732CF15-B313-46DB-8C56-949B8B2F0C6A}"
EndProject
Project("{FAE04EC0-301F-11D3-BF4B-00C04F79EFBC}") = "FleetManager.Tests.Integration", "FleetManager.Tests.Integration\FleetManager.Tests.Integration.csproj", "{A8D85DA5-F851-4D52-B939-0E98A3574024}"
EndProject
Project("{FAE04EC0-301F-11D3-BF4B-00C04F79EFBC}") = "FleetManager.Tests.Unit", "FleetManager.Tests.Unit\FleetManager.Tests.Unit.csproj", "{77517042-3F94-452A-8EB6-D71F0625BAB1}"
EndProject
Project("{2150E333-8FDC-42A3-9474-1A3956D46DE8}") = "Modules", "Modules", "{5CDDBD14-B14C-4C14-AE62-FA01C2C05915}"
EndProject
Project("{2150E333-8FDC-42A3-9474-1A3956D46DE8}") = "Orders", "Orders", "{AB7227A9-4E83-456A-B970-EC2C858773B3}"
EndProject
Project("{FAE04EC0-301F-11D3-BF4B-00C04F79EFBC}") = "FleetManager.Modules.Orders.Domain", "FleetManager.Modules.Orders.Domain\FleetManager.Modules.Orders.Domain.csproj", "{9988348F-3620-4C65-9AA7-D3EAAC6245DD}"
EndProject
Project("{2150E333-8FDC-42A3-9474-1A3956D46DE8}") = "BuildingBlocks", "BuildingBlocks", "{70DB60E4-7CC4-4B37-8C4B-6A7B7BB3610C}"
EndProject
Project("{FAE04EC0-301F-11D3-BF4B-00C04F79EFBC}") = "FleetManager.BuildingBlocks.Domain", "FleetManager.BuildingBlocks.Domain\FleetManager.BuildingBlocks.Domain.csproj", "{8D220E52-6960-49EC-8FA4-E753E8C791A9}"
EndProject
Project("{FAE04EC0-301F-11D3-BF4B-00C04F79EFBC}") = "FleetManager.Modules.Orders.Infrastructure", "FleetManager.Modules.Orders.Infrastructure\FleetManager.Modules.Orders.Infrastructure.csproj", "{E8EB81ED-7B67-437D-BD07-D9DB9216F47C}"
EndProject
Project("{FAE04EC0-301F-11D3-BF4B-00C04F79EFBC}") = "FleetManager.Modules.Orders.Application", "FleetManager.Modules.Orders.Application\FleetManager.Modules.Orders.Application.csproj", "{DCD1178D-922D-40F5-A221-A03D1F1615C8}"
EndProject
Project("{2150E333-8FDC-42A3-9474-1A3956D46DE8}") = "Contractors", "Contractors", "{F8340AE6-0F36-4055-A5D1-A48577BC1DDD}"
EndProject
Project("{2150E333-8FDC-42A3-9474-1A3956D46DE8}") = "Locations", "Locations", "{F064F983-0F5D-44B8-9EAF-FC36875D4D0E}"
EndProject
Project("{2150E333-8FDC-42A3-9474-1A3956D46DE8}") = "Users", "Users", "{C0F13C4E-65DE-434E-B1FD-5BEF2BC19894}"
EndProject
Project("{2150E333-8FDC-42A3-9474-1A3956D46DE8}") = "Itineraries", "Itineraries", "{1AE0E1CF-E82A-4D76-9C15-C7A946AD1A45}"
EndProject
Project("{FAE04EC0-301F-11D3-BF4B-00C04F79EFBC}") = "FleetManager.Modules.Contractors.Domain", "FleetManager.Modules.Contractors.Domain\FleetManager.Modules.Contractors.Domain.csproj", "{17DA83A9-5AF9-439F-97F7-557BD615DD64}"
EndProject
Global
	GlobalSection(SolutionConfigurationPlatforms) = preSolution
		Debug|Any CPU = Debug|Any CPU
		Release|Any CPU = Release|Any CPU
	EndGlobalSection
	GlobalSection(ProjectConfigurationPlatforms) = postSolution
		{96274241-CA87-400E-A2F6-DA2640F260CF}.Debug|Any CPU.ActiveCfg = Debug|Any CPU
		{96274241-CA87-400E-A2F6-DA2640F260CF}.Debug|Any CPU.Build.0 = Debug|Any CPU
		{96274241-CA87-400E-A2F6-DA2640F260CF}.Release|Any CPU.ActiveCfg = Release|Any CPU
		{96274241-CA87-400E-A2F6-DA2640F260CF}.Release|Any CPU.Build.0 = Release|Any CPU
		{A6329880-1928-4A49-B9AA-32A4237C97BA}.Debug|Any CPU.ActiveCfg = Debug|Any CPU
		{A6329880-1928-4A49-B9AA-32A4237C97BA}.Debug|Any CPU.Build.0 = Debug|Any CPU
		{A6329880-1928-4A49-B9AA-32A4237C97BA}.Release|Any CPU.ActiveCfg = Release|Any CPU
		{A6329880-1928-4A49-B9AA-32A4237C97BA}.Release|Any CPU.Build.0 = Release|Any CPU
		{A14EA3D1-AE7F-4AD3-8DE6-A7F61CA1EFB3}.Debug|Any CPU.ActiveCfg = Debug|Any CPU
		{A14EA3D1-AE7F-4AD3-8DE6-A7F61CA1EFB3}.Debug|Any CPU.Build.0 = Debug|Any CPU
		{A14EA3D1-AE7F-4AD3-8DE6-A7F61CA1EFB3}.Release|Any CPU.ActiveCfg = Release|Any CPU
		{A14EA3D1-AE7F-4AD3-8DE6-A7F61CA1EFB3}.Release|Any CPU.Build.0 = Release|Any CPU
		{A108D414-C373-4B1D-AE86-93D353F0F94D}.Debug|Any CPU.ActiveCfg = Debug|Any CPU
		{A108D414-C373-4B1D-AE86-93D353F0F94D}.Debug|Any CPU.Build.0 = Debug|Any CPU
		{A108D414-C373-4B1D-AE86-93D353F0F94D}.Release|Any CPU.ActiveCfg = Release|Any CPU
		{A108D414-C373-4B1D-AE86-93D353F0F94D}.Release|Any CPU.Build.0 = Release|Any CPU
		{8732CF15-B313-46DB-8C56-949B8B2F0C6A}.Debug|Any CPU.ActiveCfg = Debug|Any CPU
		{8732CF15-B313-46DB-8C56-949B8B2F0C6A}.Debug|Any CPU.Build.0 = Debug|Any CPU
		{8732CF15-B313-46DB-8C56-949B8B2F0C6A}.Release|Any CPU.ActiveCfg = Release|Any CPU
		{8732CF15-B313-46DB-8C56-949B8B2F0C6A}.Release|Any CPU.Build.0 = Release|Any CPU
		{A8D85DA5-F851-4D52-B939-0E98A3574024}.Debug|Any CPU.ActiveCfg = Debug|Any CPU
		{A8D85DA5-F851-4D52-B939-0E98A3574024}.Debug|Any CPU.Build.0 = Debug|Any CPU
		{A8D85DA5-F851-4D52-B939-0E98A3574024}.Release|Any CPU.ActiveCfg = Release|Any CPU
		{A8D85DA5-F851-4D52-B939-0E98A3574024}.Release|Any CPU.Build.0 = Release|Any CPU
		{77517042-3F94-452A-8EB6-D71F0625BAB1}.Debug|Any CPU.ActiveCfg = Debug|Any CPU
		{77517042-3F94-452A-8EB6-D71F0625BAB1}.Debug|Any CPU.Build.0 = Debug|Any CPU
		{77517042-3F94-452A-8EB6-D71F0625BAB1}.Release|Any CPU.ActiveCfg = Release|Any CPU
		{77517042-3F94-452A-8EB6-D71F0625BAB1}.Release|Any CPU.Build.0 = Release|Any CPU
		{9988348F-3620-4C65-9AA7-D3EAAC6245DD}.Debug|Any CPU.ActiveCfg = Debug|Any CPU
		{9988348F-3620-4C65-9AA7-D3EAAC6245DD}.Debug|Any CPU.Build.0 = Debug|Any CPU
		{9988348F-3620-4C65-9AA7-D3EAAC6245DD}.Release|Any CPU.ActiveCfg = Release|Any CPU
		{9988348F-3620-4C65-9AA7-D3EAAC6245DD}.Release|Any CPU.Build.0 = Release|Any CPU
		{8D220E52-6960-49EC-8FA4-E753E8C791A9}.Debug|Any CPU.ActiveCfg = Debug|Any CPU
		{8D220E52-6960-49EC-8FA4-E753E8C791A9}.Debug|Any CPU.Build.0 = Debug|Any CPU
		{8D220E52-6960-49EC-8FA4-E753E8C791A9}.Release|Any CPU.ActiveCfg = Release|Any CPU
		{8D220E52-6960-49EC-8FA4-E753E8C791A9}.Release|Any CPU.Build.0 = Release|Any CPU
		{E8EB81ED-7B67-437D-BD07-D9DB9216F47C}.Debug|Any CPU.ActiveCfg = Debug|Any CPU
		{E8EB81ED-7B67-437D-BD07-D9DB9216F47C}.Debug|Any CPU.Build.0 = Debug|Any CPU
		{E8EB81ED-7B67-437D-BD07-D9DB9216F47C}.Release|Any CPU.ActiveCfg = Release|Any CPU
		{E8EB81ED-7B67-437D-BD07-D9DB9216F47C}.Release|Any CPU.Build.0 = Release|Any CPU
		{DCD1178D-922D-40F5-A221-A03D1F1615C8}.Debug|Any CPU.ActiveCfg = Debug|Any CPU
		{DCD1178D-922D-40F5-A221-A03D1F1615C8}.Debug|Any CPU.Build.0 = Debug|Any CPU
		{DCD1178D-922D-40F5-A221-A03D1F1615C8}.Release|Any CPU.ActiveCfg = Release|Any CPU
		{DCD1178D-922D-40F5-A221-A03D1F1615C8}.Release|Any CPU.Build.0 = Release|Any CPU
		{17DA83A9-5AF9-439F-97F7-557BD615DD64}.Debug|Any CPU.ActiveCfg = Debug|Any CPU
		{17DA83A9-5AF9-439F-97F7-557BD615DD64}.Debug|Any CPU.Build.0 = Debug|Any CPU
		{17DA83A9-5AF9-439F-97F7-557BD615DD64}.Release|Any CPU.ActiveCfg = Release|Any CPU
		{17DA83A9-5AF9-439F-97F7-557BD615DD64}.Release|Any CPU.Build.0 = Release|Any CPU
	EndGlobalSection
	GlobalSection(SolutionProperties) = preSolution
		HideSolutionNode = FALSE
	EndGlobalSection
	GlobalSection(NestedProjects) = preSolution
		{96274241-CA87-400E-A2F6-DA2640F260CF} = {E6777EBC-CC5F-4966-B89D-B2522BFBC8A4}
		{A6329880-1928-4A49-B9AA-32A4237C97BA} = {56943DB7-8214-4835-9BFA-34DE085DE038}
		{A14EA3D1-AE7F-4AD3-8DE6-A7F61CA1EFB3} = {C213D125-5FE4-4B18-8CF7-350BF779EEAD}
		{A108D414-C373-4B1D-AE86-93D353F0F94D} = {AFA17216-B67E-4F85-97EF-451B8EFD247F}
		{A8D85DA5-F851-4D52-B939-0E98A3574024} = {A37233C1-8FBF-42D5-8BF3-C202704B080F}
		{77517042-3F94-452A-8EB6-D71F0625BAB1} = {A37233C1-8FBF-42D5-8BF3-C202704B080F}
		{AB7227A9-4E83-456A-B970-EC2C858773B3} = {5CDDBD14-B14C-4C14-AE62-FA01C2C05915}
		{9988348F-3620-4C65-9AA7-D3EAAC6245DD} = {AB7227A9-4E83-456A-B970-EC2C858773B3}
		{8D220E52-6960-49EC-8FA4-E753E8C791A9} = {70DB60E4-7CC4-4B37-8C4B-6A7B7BB3610C}
		{E8EB81ED-7B67-437D-BD07-D9DB9216F47C} = {AB7227A9-4E83-456A-B970-EC2C858773B3}
		{DCD1178D-922D-40F5-A221-A03D1F1615C8} = {AB7227A9-4E83-456A-B970-EC2C858773B3}
		{F8340AE6-0F36-4055-A5D1-A48577BC1DDD} = {5CDDBD14-B14C-4C14-AE62-FA01C2C05915}
		{F064F983-0F5D-44B8-9EAF-FC36875D4D0E} = {5CDDBD14-B14C-4C14-AE62-FA01C2C05915}
		{C0F13C4E-65DE-434E-B1FD-5BEF2BC19894} = {5CDDBD14-B14C-4C14-AE62-FA01C2C05915}
		{1AE0E1CF-E82A-4D76-9C15-C7A946AD1A45} = {5CDDBD14-B14C-4C14-AE62-FA01C2C05915}
		{17DA83A9-5AF9-439F-97F7-557BD615DD64} = {F8340AE6-0F36-4055-A5D1-A48577BC1DDD}
	EndGlobalSection
	GlobalSection(ExtensibilityGlobals) = postSolution
		SolutionGuid = {351EEDD4-8404-4DCF-8F1C-A5DFC63AD6A3}
	EndGlobalSection
EndGlobal
